# This file was autogenerated by Stack.
# You should not edit this file by hand.
# For more information, please see the documentation at:
#   https://docs.haskellstack.org/en/stable/lock_files

packages:
- completed:
    hackage: fused-effects-lens-1.2.0.1@sha256:675fddf183215b6f3c1f2a0823359a648756435fd1966284e61830ec28ad61fa,1466
    pantry-tree:
      sha256: 968920fc85c0a29dca093b5a6d74f1a26dc2f3dcfe95914de2452d688eb6c152
      size: 381
  original:
    hackage: fused-effects-lens-1.2.0.1@sha256:675fddf183215b6f3c1f2a0823359a648756435fd1966284e61830ec28ad61fa,1466
- completed:
    hackage: hsnoise-0.0.3@sha256:260b39175b8a3e3b1719ad3987b7d72a3fd7a0fa99be8639b91cf4dc3f1c8796,1476
    pantry-tree:
      sha256: b36873bd7f0076ad70b4750ec04df33461644fc170c02ccf48963a6054f74069
      size: 536
  original:
    hackage: hsnoise-0.0.3@sha256:260b39175b8a3e3b1719ad3987b7d72a3fd7a0fa99be8639b91cf4dc3f1c8796,1476
- completed:
    hackage: simple-enumeration-0.2.1@sha256:8625b269c1650d3dd0e3887351c153049f4369853e0d525219e07480ea004b9f,1178
    pantry-tree:
      sha256: ba001bab3faa9d01741a0200eeae054dc61cb4c3b925746dd6388b9da054370f
      size: 459
  original:
    hackage: simple-enumeration-0.2.1@sha256:8625b269c1650d3dd0e3887351c153049f4369853e0d525219e07480ea004b9f,1178
- completed:
    hackage: boolexpr-0.2@sha256:07f38a0206ad63c2c893e3c6271a2e45ea25ab4ef3a9e973edc746876f0ab9e8,853
    pantry-tree:
      sha256: 1435b7b2accee313e8be765719a975ccbac915ffe473682aaf7e6dcd3a142b16
      size: 339
  original:
    hackage: boolexpr-0.2@sha256:07f38a0206ad63c2c893e3c6271a2e45ea25ab4ef3a9e973edc746876f0ab9e8,853
- completed:
    hackage: vty-6.0@sha256:3c4ee4ffd6e38720e227c45e85eb91ff611125dbff178e9f2fadc993160e1464,3661
    pantry-tree:
      sha256: 3475a1ae91d416fb39a65789519af72fe257398d2a5dde3775d28c3effaaac25
      size: 2104
  original:
    hackage: vty-6.0@sha256:3c4ee4ffd6e38720e227c45e85eb91ff611125dbff178e9f2fadc993160e1464,3661
- completed:
    hackage: vty-crossplatform-0.2.0.0@sha256:6dc6b72ba2fe63f0af582a501ab133a69f49fb75fef3ad7a870412472be077ec,3161
    pantry-tree:
      sha256: fa4d7ef01318bd3a599f7705cefd06f8144ad185d9fb076566ee7dac11c27ce6
      size: 582
  original:
    hackage: vty-crossplatform-0.2.0.0@sha256:6dc6b72ba2fe63f0af582a501ab133a69f49fb75fef3ad7a870412472be077ec,3161
- completed:
    hackage: vty-unix-0.1.0.0@sha256:8d1dd971d49b4d3575ec76994a8dd5d330d7b81a30ece40344ee170d73a28ac3,2932
    pantry-tree:
      sha256: 4d19b54f88bbd031f2f764c23daef5f30a61ef9be23b11a5825657fd42468fb7
      size: 1925
  original:
    hackage: vty-unix-0.1.0.0@sha256:8d1dd971d49b4d3575ec76994a8dd5d330d7b81a30ece40344ee170d73a28ac3,2932
- completed:
    hackage: brick-2.1.1@sha256:ff36d64f1027eac17a14a83de053067413accb58b79e5002dce2a79cb8a3dcb3,17385
    pantry-tree:
      sha256: c70beaff3ad9126bc2a9a57649ef63becd534b7eb6b015092cb28437fe3f916d
      size: 4671
  original:
    hackage: brick-2.1.1
- completed:
    hackage: brick-list-skip-0.1.1.8@sha256:04ed16b76e0d9779e7ec4f772bf0cf677c0450882e1ac3002ad0058255ddb25b,1593
    pantry-tree:
      sha256: c2b4053bfe69242b42ea3539cbb69bb8579f33d79b24a1147d936c38fe336cd7
      size: 403
  original:
    hackage: brick-list-skip-0.1.1.8
- completed:
    hackage: astar-0.3.0.0@sha256:8bf6350542e9db9451490e8993560ee843dc48a61d46a206985430f9b62461c8,967
    pantry-tree:
      sha256: c4176cc3fc9ad39f2a9fc7eb4346c87b6e60b70ba23d8e2adbdfc81fe544b808
      size: 213
  original:
    hackage: astar-0.3.0.0
- completed:
    hackage: lsp-1.6.0.0@sha256:2b95e406cc85ffa95406ae8ad7d16b82283a6ca2fcb7ea5308a4ef3e6d6e68e6,4397
    pantry-tree:
      sha256: 43a82c501ec3074d888f2bf4960e4b447028c1537abbca4cf65e74944604bf62
      size: 1044
  original:
    hackage: lsp-1.6.0.0
- completed:
    hackage: lsp-types-1.6.0.0@sha256:c9ee8757b4734a9ef5d12573ae9beb5de863825de92f94b635057af08b96b0df,5809
    pantry-tree:
      sha256: 599449ca397e918ecc52e4fed796c9ce37d52ed75dbf6f020df31f29c0b20c43
      size: 4909
  original:
    hackage: lsp-types-1.6.0.0
- completed:
    hackage: megaparsec-9.6.1@sha256:8d8f8ee5aca5d5c16aa4219afd13687ceab8be640f40ba179359f2b42a628241,3323
    pantry-tree:
      sha256: ac654040a2402a733496678905ee17198bf628d75032dd025d595bd329739af8
      size: 1545
  original:
    hackage: megaparsec-9.6.1
- completed:
    hackage: AhoCorasick-0.0.4@sha256:3f1cee1384a09c373a3be5dc4ea7c9227ff87fc9be7e976d4fc7efc47f1999f1,1530
    pantry-tree:
      sha256: e87504587d9ea4a2858abc56be115b87dac9d645feb7c683f25ebc76fcf10e4b
      size: 450
  original:
    hackage: AhoCorasick-0.0.4
snapshots:
- completed:
    sha256: dad15e2ec0c09280a5c2e07190fb18710fc54472f029f34f861f686540824d81
    size: 649592
    url: https://raw.githubusercontent.com/commercialhaskell/stackage-snapshots/master/lts/20/16.yaml
  original: lts-20.16
