# This file was autogenerated by Stack.
# You should not edit this file by hand.
# For more information, please see the documentation at:
#   https://docs.haskellstack.org/en/stable/lock_files

packages:
- completed:
    hackage: brick-0.54@sha256:a860e5cb67eaf5adbffeeb88006861303418e709e82feba5c9ae69d4c9a01432,15356
    pantry-tree:
      sha256: 126189a252e8127b87faf37df4884786c360ec47bbd9fbfa542302c1f7698065
      size: 5999
  original:
    hackage: brick-0.54
snapshots:
- completed:
    sha256: dad15e2ec0c09280a5c2e07190fb18710fc54472f029f34f861f686540824d81
    size: 649592
    url: https://raw.githubusercontent.com/commercialhaskell/stackage-snapshots/master/lts/20/16.yaml
  original: lts-20.16
